// !$*UTF8*$!
{
	archiveVersion = 1;
	classes = {
	};
	objectVersion = 46;
	objects = {

/* Begin PBXBuildFile section */
		6B49AE031C2B06900083138B /* Helpers.swift in Sources */ = {isa = PBXBuildFile; fileRef = 6B49AE021C2B068F0083138B /* Helpers.swift */; };
		AAA03A381C2A2AC2005DD3CE /* AppDelegate.swift in Sources */ = {isa = PBXBuildFile; fileRef = AAA03A371C2A2AC2005DD3CE /* AppDelegate.swift */; };
		AAA03A3A1C2A2AC2005DD3CE /* ViewController.swift in Sources */ = {isa = PBXBuildFile; fileRef = AAA03A391C2A2AC2005DD3CE /* ViewController.swift */; };
		AAA03A3D1C2A2AC2005DD3CE /* Main.storyboard in Resources */ = {isa = PBXBuildFile; fileRef = AAA03A3B1C2A2AC2005DD3CE /* Main.storyboard */; };
		AAA03A3F1C2A2AC2005DD3CE /* Assets.xcassets in Resources */ = {isa = PBXBuildFile; fileRef = AAA03A3E1C2A2AC2005DD3CE /* Assets.xcassets */; };
		AAA03A421C2A2AC2005DD3CE /* LaunchScreen.storyboard in Resources */ = {isa = PBXBuildFile; fileRef = AAA03A401C2A2AC2005DD3CE /* LaunchScreen.storyboard */; };
		AAA03A4D1C2A2AC2005DD3CE /* code13Tests.swift in Sources */ = {isa = PBXBuildFile; fileRef = AAA03A4C1C2A2AC2005DD3CE /* code13Tests.swift */; };
		AAA03A581C2A2AC2005DD3CE /* code13UITests.swift in Sources */ = {isa = PBXBuildFile; fileRef = AAA03A571C2A2AC2005DD3CE /* code13UITests.swift */; };
		AAA03A661C2A3329005DD3CE /* Cell.swift in Sources */ = {isa = PBXBuildFile; fileRef = AAA03A651C2A3329005DD3CE /* Cell.swift */; };
/* End PBXBuildFile section */

/* Begin PBXContainerItemProxy section */
		AAA03A491C2A2AC2005DD3CE /* PBXContainerItemProxy */ = {
			isa = PBXContainerItemProxy;
			containerPortal = AAA03A2C1C2A2AC2005DD3CE /* Project object */;
			proxyType = 1;
			remoteGlobalIDString = AAA03A331C2A2AC2005DD3CE;
			remoteInfo = code13;
		};
		AAA03A541C2A2AC2005DD3CE /* PBXContainerItemProxy */ = {
			isa = PBXContainerItemProxy;
			containerPortal = AAA03A2C1C2A2AC2005DD3CE /* Project object */;
			proxyType = 1;
			remoteGlobalIDString = AAA03A331C2A2AC2005DD3CE;
			remoteInfo = code13;
		};
/* End PBXContainerItemProxy section */

/* Begin PBXFileReference section */
		6B49AE021C2B068F0083138B /* Helpers.swift */ = {isa = PBXFileReference; fileEncoding = 4; lastKnownFileType = sourcecode.swift; path = Helpers.swift; sourceTree = "<group>"; };
		AAA03A341C2A2AC2005DD3CE /* code13.app */ = {isa = PBXFileReference; explicitFileType = wrapper.application; includeInIndex = 0; path = code13.app; sourceTree = BUILT_PRODUCTS_DIR; };
		AAA03A371C2A2AC2005DD3CE /* AppDelegate.swift */ = {isa = PBXFileReference; lastKnownFileType = sourcecode.swift; path = AppDelegate.swift; sourceTree = "<group>"; };
		AAA03A391C2A2AC2005DD3CE /* ViewController.swift */ = {isa = PBXFileReference; lastKnownFileType = sourcecode.swift; path = ViewController.swift; sourceTree = "<group>"; };
		AAA03A3C1C2A2AC2005DD3CE /* Base */ = {isa = PBXFileReference; lastKnownFileType = file.storyboard; name = Base; path = Base.lproj/Main.storyboard; sourceTree = "<group>"; };
		AAA03A3E1C2A2AC2005DD3CE /* Assets.xcassets */ = {isa = PBXFileReference; lastKnownFileType = folder.assetcatalog; path = Assets.xcassets; sourceTree = "<group>"; };
		AAA03A411C2A2AC2005DD3CE /* Base */ = {isa = PBXFileReference; lastKnownFileType = file.storyboard; name = Base; path = Base.lproj/LaunchScreen.storyboard; sourceTree = "<group>"; };
		AAA03A431C2A2AC2005DD3CE /* Info.plist */ = {isa = PBXFileReference; lastKnownFileType = text.plist.xml; path = Info.plist; sourceTree = "<group>"; };
		AAA03A481C2A2AC2005DD3CE /* code13Tests.xctest */ = {isa = PBXFileReference; explicitFileType = wrapper.cfbundle; includeInIndex = 0; path = code13Tests.xctest; sourceTree = BUILT_PRODUCTS_DIR; };
		AAA03A4C1C2A2AC2005DD3CE /* code13Tests.swift */ = {isa = PBXFileReference; lastKnownFileType = sourcecode.swift; path = code13Tests.swift; sourceTree = "<group>"; };
		AAA03A4E1C2A2AC2005DD3CE /* Info.plist */ = {isa = PBXFileReference; lastKnownFileType = text.plist.xml; path = Info.plist; sourceTree = "<group>"; };
		AAA03A531C2A2AC2005DD3CE /* code13UITests.xctest */ = {isa = PBXFileReference; explicitFileType = wrapper.cfbundle; includeInIndex = 0; path = code13UITests.xctest; sourceTree = BUILT_PRODUCTS_DIR; };
		AAA03A571C2A2AC2005DD3CE /* code13UITests.swift */ = {isa = PBXFileReference; lastKnownFileType = sourcecode.swift; path = code13UITests.swift; sourceTree = "<group>"; };
		AAA03A591C2A2AC2005DD3CE /* Info.plist */ = {isa = PBXFileReference; lastKnownFileType = text.plist.xml; path = Info.plist; sourceTree = "<group>"; };
		AAA03A651C2A3329005DD3CE /* Cell.swift */ = {isa = PBXFileReference; fileEncoding = 4; lastKnownFileType = sourcecode.swift; path = Cell.swift; sourceTree = "<group>"; };
/* End PBXFileReference section */

/* Begin PBXFrameworksBuildPhase section */
		AAA03A311C2A2AC2005DD3CE /* Frameworks */ = {
			isa = PBXFrameworksBuildPhase;
			buildActionMask = 2147483647;
			files = (
			);
			runOnlyForDeploymentPostprocessing = 0;
		};
		AAA03A451C2A2AC2005DD3CE /* Frameworks */ = {
			isa = PBXFrameworksBuildPhase;
			buildActionMask = 2147483647;
			files = (
			);
			runOnlyForDeploymentPostprocessing = 0;
		};
		AAA03A501C2A2AC2005DD3CE /* Frameworks */ = {
			isa = PBXFrameworksBuildPhase;
			buildActionMask = 2147483647;
			files = (
			);
			runOnlyForDeploymentPostprocessing = 0;
		};
/* End PBXFrameworksBuildPhase section */

/* Begin PBXGroup section */
		AAA03A2B1C2A2AC2005DD3CE = {
			isa = PBXGroup;
			children = (
				AAA03A361C2A2AC2005DD3CE /* code13 */,
				AAA03A4B1C2A2AC2005DD3CE /* code13Tests */,
				AAA03A561C2A2AC2005DD3CE /* code13UITests */,
				AAA03A351C2A2AC2005DD3CE /* Products */,
			);
			sourceTree = "<group>";
		};
		AAA03A351C2A2AC2005DD3CE /* Products */ = {
			isa = PBXGroup;
			children = (
				AAA03A341C2A2AC2005DD3CE /* code13.app */,
				AAA03A481C2A2AC2005DD3CE /* code13Tests.xctest */,
				AAA03A531C2A2AC2005DD3CE /* code13UITests.xctest */,
			);
			name = Products;
			sourceTree = "<group>";
		};
		AAA03A361C2A2AC2005DD3CE /* code13 */ = {
			isa = PBXGroup;
			children = (
				AAA03A371C2A2AC2005DD3CE /* AppDelegate.swift */,
				AAA03A391C2A2AC2005DD3CE /* ViewController.swift */,
				AAA03A651C2A3329005DD3CE /* Cell.swift */,
				AAA03A3B1C2A2AC2005DD3CE /* Main.storyboard */,
				AAA03A3E1C2A2AC2005DD3CE /* Assets.xcassets */,
				AAA03A401C2A2AC2005DD3CE /* LaunchScreen.storyboard */,
				AAA03A431C2A2AC2005DD3CE /* Info.plist */,
			);
			path = code13;
			sourceTree = "<group>";
		};
		AAA03A4B1C2A2AC2005DD3CE /* code13Tests */ = {
			isa = PBXGroup;
			children = (
				AAA03A4C1C2A2AC2005DD3CE /* code13Tests.swift */,
				AAA03A4E1C2A2AC2005DD3CE /* Info.plist */,
			);
			path = code13Tests;
			sourceTree = "<group>";
		};
		AAA03A561C2A2AC2005DD3CE /* code13UITests */ = {
			isa = PBXGroup;
			children = (
				AAA03A571C2A2AC2005DD3CE /* code13UITests.swift */,
				6B49AE021C2B068F0083138B /* Helpers.swift */,
				AAA03A591C2A2AC2005DD3CE /* Info.plist */,
			);
			path = code13UITests;
			sourceTree = "<group>";
		};
/* End PBXGroup section */

/* Begin PBXNativeTarget section */
		AAA03A331C2A2AC2005DD3CE /* code13 */ = {
			isa = PBXNativeTarget;
			buildConfigurationList = AAA03A5C1C2A2AC2005DD3CE /* Build configuration list for PBXNativeTarget "code13" */;
			buildPhases = (
				AAA03A301C2A2AC2005DD3CE /* Sources */,
				AAA03A311C2A2AC2005DD3CE /* Frameworks */,
				AAA03A321C2A2AC2005DD3CE /* Resources */,
			);
			buildRules = (
			);
			dependencies = (
			);
			name = code13;
			productName = code13;
			productReference = AAA03A341C2A2AC2005DD3CE /* code13.app */;
			productType = "com.apple.product-type.application";
		};
		AAA03A471C2A2AC2005DD3CE /* code13Tests */ = {
			isa = PBXNativeTarget;
			buildConfigurationList = AAA03A5F1C2A2AC2005DD3CE /* Build configuration list for PBXNativeTarget "code13Tests" */;
			buildPhases = (
				AAA03A441C2A2AC2005DD3CE /* Sources */,
				AAA03A451C2A2AC2005DD3CE /* Frameworks */,
				AAA03A461C2A2AC2005DD3CE /* Resources */,
			);
			buildRules = (
			);
			dependencies = (
				AAA03A4A1C2A2AC2005DD3CE /* PBXTargetDependency */,
			);
			name = code13Tests;
			productName = code13Tests;
			productReference = AAA03A481C2A2AC2005DD3CE /* code13Tests.xctest */;
			productType = "com.apple.product-type.bundle.unit-test";
		};
		AAA03A521C2A2AC2005DD3CE /* code13UITests */ = {
			isa = PBXNativeTarget;
			buildConfigurationList = AAA03A621C2A2AC2005DD3CE /* Build configuration list for PBXNativeTarget "code13UITests" */;
			buildPhases = (
				AAA03A4F1C2A2AC2005DD3CE /* Sources */,
				AAA03A501C2A2AC2005DD3CE /* Frameworks */,
				AAA03A511C2A2AC2005DD3CE /* Resources */,
			);
			buildRules = (
			);
			dependencies = (
				AAA03A551C2A2AC2005DD3CE /* PBXTargetDependency */,
			);
			name = code13UITests;
			productName = code13UITests;
			productReference = AAA03A531C2A2AC2005DD3CE /* code13UITests.xctest */;
			productType = "com.apple.product-type.bundle.ui-testing";
		};
/* End PBXNativeTarget section */

/* Begin PBXProject section */
		AAA03A2C1C2A2AC2005DD3CE /* Project object */ = {
			isa = PBXProject;
			attributes = {
				LastSwiftUpdateCheck = 0720;
				LastUpgradeCheck = 0720;
				ORGANIZATIONNAME = "Ethan Sherr";
				TargetAttributes = {
					AAA03A331C2A2AC2005DD3CE = {
						CreatedOnToolsVersion = 7.2;
					};
					AAA03A471C2A2AC2005DD3CE = {
						CreatedOnToolsVersion = 7.2;
						TestTargetID = AAA03A331C2A2AC2005DD3CE;
					};
					AAA03A521C2A2AC2005DD3CE = {
						CreatedOnToolsVersion = 7.2;
						TestTargetID = AAA03A331C2A2AC2005DD3CE;
					};
				};
			};
			buildConfigurationList = AAA03A2F1C2A2AC2005DD3CE /* Build configuration list for PBXProject "code13" */;
			compatibilityVersion = "Xcode 3.2";
			developmentRegion = English;
			hasScannedForEncodings = 0;
			knownRegions = (
				en,
				Base,
			);
			mainGroup = AAA03A2B1C2A2AC2005DD3CE;
			productRefGroup = AAA03A351C2A2AC2005DD3CE /* Products */;
			projectDirPath = "";
			projectRoot = "";
			targets = (
				AAA03A331C2A2AC2005DD3CE /* code13 */,
				AAA03A471C2A2AC2005DD3CE /* code13Tests */,
				AAA03A521C2A2AC2005DD3CE /* code13UITests */,
			);
		};
/* End PBXProject section */

/* Begin PBXResourcesBuildPhase section */
		AAA03A321C2A2AC2005DD3CE /* Resources */ = {
			isa = PBXResourcesBuildPhase;
			buildActionMask = 2147483647;
			files = (
				AAA03A421C2A2AC2005DD3CE /* LaunchScreen.storyboard in Resources */,
				AAA03A3F1C2A2AC2005DD3CE /* Assets.xcassets in Resources */,
				AAA03A3D1C2A2AC2005DD3CE /* Main.storyboard in Resources */,
			);
			runOnlyForDeploymentPostprocessing = 0;
		};
		AAA03A461C2A2AC2005DD3CE /* Resources */ = {
			isa = PBXResourcesBuildPhase;
			buildActionMask = 2147483647;
			files = (
			);
			runOnlyForDeploymentPostprocessing = 0;
		};
		AAA03A511C2A2AC2005DD3CE /* Resources */ = {
			isa = PBXResourcesBuildPhase;
			buildActionMask = 2147483647;
			files = (
			);
			runOnlyForDeploymentPostprocessing = 0;
		};
/* End PBXResourcesBuildPhase section */

/* Begin PBXSourcesBuildPhase section */
		AAA03A301C2A2AC2005DD3CE /* Sources */ = {
			isa = PBXSourcesBuildPhase;
			buildActionMask = 2147483647;
			files = (
				AAA03A3A1C2A2AC2005DD3CE /* ViewController.swift in Sources */,
				AAA03A381C2A2AC2005DD3CE /* AppDelegate.swift in Sources */,
				AAA03A661C2A3329005DD3CE /* Cell.swift in Sources */,
			);
			runOnlyForDeploymentPostprocessing = 0;
		};
		AAA03A441C2A2AC2005DD3CE /* Sources */ = {
			isa = PBXSourcesBuildPhase;
			buildActionMask = 2147483647;
			files = (
				AAA03A4D1C2A2AC2005DD3CE /* code13Tests.swift in Sources */,
			);
			runOnlyForDeploymentPostprocessing = 0;
		};
		AAA03A4F1C2A2AC2005DD3CE /* Sources */ = {
			isa = PBXSourcesBuildPhase;
			buildActionMask = 2147483647;
			files = (
				AAA03A581C2A2AC2005DD3CE /* code13UITests.swift in Sources */,
				6B49AE031C2B06900083138B /* Helpers.swift in Sources */,
			);
			runOnlyForDeploymentPostprocessing = 0;
		};
/* End PBXSourcesBuildPhase section */

/* Begin PBXTargetDependency section */
		AAA03A4A1C2A2AC2005DD3CE /* PBXTargetDependency */ = {
			isa = PBXTargetDependency;
			target = AAA03A331C2A2AC2005DD3CE /* code13 */;
			targetProxy = AAA03A491C2A2AC2005DD3CE /* PBXContainerItemProxy */;
		};
		AAA03A551C2A2AC2005DD3CE /* PBXTargetDependency */ = {
			isa = PBXTargetDependency;
			target = AAA03A331C2A2AC2005DD3CE /* code13 */;
			targetProxy = AAA03A541C2A2AC2005DD3CE /* PBXContainerItemProxy */;
		};
/* End PBXTargetDependency section */

/* Begin PBXVariantGroup section */
		AAA03A3B1C2A2AC2005DD3CE /* Main.storyboard */ = {
			isa = PBXVariantGroup;
			children = (
				AAA03A3C1C2A2AC2005DD3CE /* Base */,
			);
			name = Main.storyboard;
			sourceTree = "<group>";
		};
		AAA03A401C2A2AC2005DD3CE /* LaunchScreen.storyboard */ = {
			isa = PBXVariantGroup;
			children = (
				AAA03A411C2A2AC2005DD3CE /* Base */,
			);
			name = LaunchScreen.storyboard;
			sourceTree = "<group>";
		};
/* End PBXVariantGroup section */

/* Begin XCBuildConfiguration section */
		AAA03A5A1C2A2AC2005DD3CE /* Debug */ = {
			isa = XCBuildConfiguration;
			buildSettings = {
				ALWAYS_SEARCH_USER_PATHS = NO;
				CLANG_CXX_LANGUAGE_STANDARD = "gnu++0x";
				CLANG_CXX_LIBRARY = "libc++";
				CLANG_ENABLE_MODULES = YES;
				CLANG_ENABLE_OBJC_ARC = YES;
				CLANG_WARN_BOOL_CONVERSION = YES;
				CLANG_WARN_CONSTANT_CONVERSION = YES;
				CLANG_WARN_DIRECT_OBJC_ISA_USAGE = YES_ERROR;
				CLANG_WARN_EMPTY_BODY = YES;
				CLANG_WARN_ENUM_CONVERSION = YES;
				CLANG_WARN_INT_CONVERSION = YES;
				CLANG_WARN_OBJC_ROOT_CLASS = YES_ERROR;
				CLANG_WARN_UNREACHABLE_CODE = YES;
				CLANG_WARN__DUPLICATE_METHOD_MATCH = YES;
				"CODE_SIGN_IDENTITY[sdk=iphoneos*]" = "iPhone Developer";
				COPY_PHASE_STRIP = NO;
				DEBUG_INFORMATION_FORMAT = dwarf;
				ENABLE_STRICT_OBJC_MSGSEND = YES;
				ENABLE_TESTABILITY = YES;
				GCC_C_LANGUAGE_STANDARD = gnu99;
				GCC_DYNAMIC_NO_PIC = NO;
				GCC_NO_COMMON_BLOCKS = YES;
				GCC_OPTIMIZATION_LEVEL = 0;
				GCC_PREPROCESSOR_DEFINITIONS = (
					"DEBUG=1",
					"$(inherited)",
				);
				GCC_WARN_64_TO_32_BIT_CONVERSION = YES;
				GCC_WARN_ABOUT_RETURN_TYPE = YES_ERROR;
				GCC_WARN_UNDECLARED_SELECTOR = YES;
				GCC_WARN_UNINITIALIZED_AUTOS = YES_AGGRESSIVE;
				GCC_WARN_UNUSED_FUNCTION = YES;
				GCC_WARN_UNUSED_VARIABLE = YES;
				IPHONEOS_DEPLOYMENT_TARGET = 9.2;
				MTL_ENABLE_DEBUG_INFO = YES;
				ONLY_ACTIVE_ARCH = YES;
				SDKROOT = iphoneos;
				SWIFT_OPTIMIZATION_LEVEL = "-Onone";
			};
			name = Debug;
		};
		AAA03A5B1C2A2AC2005DD3CE /* Release */ = {
			isa = XCBuildConfiguration;
			buildSettings = {
				ALWAYS_SEARCH_USER_PATHS = NO;
				CLANG_CXX_LANGUAGE_STANDARD = "gnu++0x";
				CLANG_CXX_LIBRARY = "libc++";
				CLANG_ENABLE_MODULES = YES;
				CLANG_ENABLE_OBJC_ARC = YES;
				CLANG_WARN_BOOL_CONVERSION = YES;
				CLANG_WARN_CONSTANT_CONVERSION = YES;
				CLANG_WARN_DIRECT_OBJC_ISA_USAGE = YES_ERROR;
				CLANG_WARN_EMPTY_BODY = YES;
				CLANG_WARN_ENUM_CONVERSION = YES;
				CLANG_WARN_INT_CONVERSION = YES;
				CLANG_WARN_OBJC_ROOT_CLASS = YES_ERROR;
				CLANG_WARN_UNREACHABLE_CODE = YES;
				CLANG_WARN__DUPLICATE_METHOD_MATCH = YES;
				"CODE_SIGN_IDENTITY[sdk=iphoneos*]" = "iPhone Developer";
				COPY_PHASE_STRIP = NO;
				DEBUG_INFORMATION_FORMAT = "dwarf-with-dsym";
				ENABLE_NS_ASSERTIONS = NO;
				ENABLE_STRICT_OBJC_MSGSEND = YES;
				GCC_C_LANGUAGE_STANDARD = gnu99;
				GCC_NO_COMMON_BLOCKS = YES;
				GCC_WARN_64_TO_32_BIT_CONVERSION = YES;
				GCC_WARN_ABOUT_RETURN_TYPE = YES_ERROR;
				GCC_WARN_UNDECLARED_SELECTOR = YES;
				GCC_WARN_UNINITIALIZED_AUTOS = YES_AGGRESSIVE;
				GCC_WARN_UNUSED_FUNCTION = YES;
				GCC_WARN_UNUSED_VARIABLE = YES;
				IPHONEOS_DEPLOYMENT_TARGET = 9.2;
				MTL_ENABLE_DEBUG_INFO = NO;
				SDKROOT = iphoneos;
				VALIDATE_PRODUCT = YES;
			};
			name = Release;
		};
		AAA03A5D1C2A2AC2005DD3CE /* Debug */ = {
			isa = XCBuildConfiguration;
			buildSettings = {
				ASSETCATALOG_COMPILER_APPICON_NAME = AppIcon;
				INFOPLIST_FILE = code13/Info.plist;
				LD_RUNPATH_SEARCH_PATHS = "$(inherited) @executable_path/Frameworks";
				PRODUCT_BUNDLE_IDENTIFIER = com.mtnlab.code13;
				PRODUCT_NAME = "$(TARGET_NAME)";
			};
			name = Debug;
		};
		AAA03A5E1C2A2AC2005DD3CE /* Release */ = {
			isa = XCBuildConfiguration;
			buildSettings = {
				ASSETCATALOG_COMPILER_APPICON_NAME = AppIcon;
				INFOPLIST_FILE = code13/Info.plist;
				LD_RUNPATH_SEARCH_PATHS = "$(inherited) @executable_path/Frameworks";
				PRODUCT_BUNDLE_IDENTIFIER = com.mtnlab.code13;
				PRODUCT_NAME = "$(TARGET_NAME)";
			};
			name = Release;
		};
		AAA03A601C2A2AC2005DD3CE /* Debug */ = {
			isa = XCBuildConfiguration;
			buildSettings = {
				BUNDLE_LOADER = "$(TEST_HOST)";
				INFOPLIST_FILE = code13Tests/Info.plist;
				LD_RUNPATH_SEARCH_PATHS = "$(inherited) @executable_path/Frameworks @loader_path/Frameworks";
				PRODUCT_BUNDLE_IDENTIFIER = com.mtnlab.code13Tests;
				PRODUCT_NAME = "$(TARGET_NAME)";
				TEST_HOST = "$(BUILT_PRODUCTS_DIR)/code13.app/code13";
			};
			name = Debug;
		};
		AAA03A611C2A2AC2005DD3CE /* Release */ = {
			isa = XCBuildConfiguration;
			buildSettings = {
				BUNDLE_LOADER = "$(TEST_HOST)";
				INFOPLIST_FILE = code13Tests/Info.plist;
				LD_RUNPATH_SEARCH_PATHS = "$(inherited) @executable_path/Frameworks @loader_path/Frameworks";
				PRODUCT_BUNDLE_IDENTIFIER = com.mtnlab.code13Tests;
				PRODUCT_NAME = "$(TARGET_NAME)";
				TEST_HOST = "$(BUILT_PRODUCTS_DIR)/code13.app/code13";
			};
			name = Release;
		};
		AAA03A631C2A2AC2005DD3CE /* Debug */ = {
			isa = XCBuildConfiguration;
			buildSettings = {
				INFOPLIST_FILE = code13UITests/Info.plist;
				LD_RUNPATH_SEARCH_PATHS = "$(inherited) @executable_path/Frameworks @loader_path/Frameworks";
				PRODUCT_BUNDLE_IDENTIFIER = com.mtnlab.code13UITests;
				PRODUCT_NAME = "$(TARGET_NAME)";
				TEST_TARGET_NAME = code13;
				USES_XCTRUNNER = YES;
			};
			name = Debug;
		};
		AAA03A641C2A2AC2005DD3CE /* Release */ = {
			isa = XCBuildConfiguration;
			buildSettings = {
				INFOPLIST_FILE = code13UITests/Info.plist;
				LD_RUNPATH_SEARCH_PATHS = "$(inherited) @executable_path/Frameworks @loader_path/Frameworks";
				PRODUCT_BUNDLE_IDENTIFIER = com.mtnlab.code13UITests;
				PRODUCT_NAME = "$(TARGET_NAME)";
				TEST_TARGET_NAME = code13;
				USES_XCTRUNNER = YES;
			};
			name = Release;
		};
/* End XCBuildConfiguration section */

/* Begin XCConfigurationList section */
		AAA03A2F1C2A2AC2005DD3CE /* Build configuration list for PBXProject "code13" */ = {
			isa = XCConfigurationList;
			buildConfigurations = (
				AAA03A5A1C2A2AC2005DD3CE /* Debug */,
				AAA03A5B1C2A2AC2005DD3CE /* Release */,
			);
			defaultConfigurationIsVisible = 0;
			defaultConfigurationName = Release;
		};
		AAA03A5C1C2A2AC2005DD3CE /* Build configuration list for PBXNativeTarget "code13" */ = {
			isa = XCConfigurationList;
			buildConfigurations = (
				AAA03A5D1C2A2AC2005DD3CE /* Debug */,
				AAA03A5E1C2A2AC2005DD3CE /* Release */,
			);
			defaultConfigurationIsVisible = 0;
			defaultConfigurationName = Release;
		};
		AAA03A5F1C2A2AC2005DD3CE /* Build configuration list for PBXNativeTarget "code13Tests" */ = {
			isa = XCConfigurationList;
			buildConfigurations = (
				AAA03A601C2A2AC2005DD3CE /* Debug */,
				AAA03A611C2A2AC2005DD3CE /* Release */,
			);
			defaultConfigurationIsVisible = 0;
			defaultConfigurationName = Release;
		};
		AAA03A621C2A2AC2005DD3CE /* Build configuration list for PBXNativeTarget "code13UITests" */ = {
			isa = XCConfigurationList;
			buildConfigurations = (
				AAA03A631C2A2AC2005DD3CE /* Debug */,
				AAA03A641C2A2AC2005DD3CE /* Release */,
			);
			defaultConfigurationIsVisible = 0;
			defaultConfigurationName = Release;
		};
/* End XCConfigurationList section */
	};
	rootObject = AAA03A2C1C2A2AC2005DD3CE /* Project object */;
}
